
Microsoft Visual Studio Solution File, Format Version 12.00
# Visual Studio 15
VisualStudioVersion = 15.0.26430.6
MinimumVisualStudioVersion = 10.0.40219.1
Project("{FAE04EC0-301F-11D3-BF4B-00C04F79EFBC}") = "01. ParkingLot", "01. ParkingLot\01. ParkingLot.csproj", "{162C220F-4E46-433C-883B-24AED607830E}"
EndProject
Project("{FAE04EC0-301F-11D3-BF4B-00C04F79EFBC}") = "02. SoftUni Party", "02. SoftUni Party\02. SoftUni Party.csproj", "{56C7B05E-E5AC-4C32-8AD8-E22336CD6C3C}"
EndProject
Project("{FAE04EC0-301F-11D3-BF4B-00C04F79EFBC}") = "03. CountSameValuesInArray", "03. CountSameValuesInArray\03. CountSameValuesInArray.csproj", "{6A445567-B652-426C-921F-34767FCE1961}"
EndProject
Project("{FAE04EC0-301F-11D3-BF4B-00C04F79EFBC}") = "04. Academy Graduation", "04. Academy Graduation\04. Academy Graduation.csproj", "{1104816E-4068-4099-AB78-69938DF7456B}"
EndProject
Global
	GlobalSection(SolutionConfigurationPlatforms) = preSolution
		Debug|Any CPU = Debug|Any CPU
		Release|Any CPU = Release|Any CPU
	EndGlobalSection
	GlobalSection(ProjectConfigurationPlatforms) = postSolution
		{162C220F-4E46-433C-883B-24AED607830E}.Debug|Any CPU.ActiveCfg = Debug|Any CPU
		{162C220F-4E46-433C-883B-24AED607830E}.Debug|Any CPU.Build.0 = Debug|Any CPU
		{162C220F-4E46-433C-883B-24AED607830E}.Release|Any CPU.ActiveCfg = Release|Any CPU
		{162C220F-4E46-433C-883B-24AED607830E}.Release|Any CPU.Build.0 = Release|Any CPU
		{56C7B05E-E5AC-4C32-8AD8-E22336CD6C3C}.Debug|Any CPU.ActiveCfg = Debug|Any CPU
		{56C7B05E-E5AC-4C32-8AD8-E22336CD6C3C}.Debug|Any CPU.Build.0 = Debug|Any CPU
		{56C7B05E-E5AC-4C32-8AD8-E22336CD6C3C}.Release|Any CPU.ActiveCfg = Release|Any CPU
		{56C7B05E-E5AC-4C32-8AD8-E22336CD6C3C}.Release|Any CPU.Build.0 = Release|Any CPU
		{6A445567-B652-426C-921F-34767FCE1961}.Debug|Any CPU.ActiveCfg = Debug|Any CPU
		{6A445567-B652-426C-921F-34767FCE1961}.Debug|Any CPU.Build.0 = Debug|Any CPU
		{6A445567-B652-426C-921F-34767FCE1961}.Release|Any CPU.ActiveCfg = Release|Any CPU
		{6A445567-B652-426C-921F-34767FCE1961}.Release|Any CPU.Build.0 = Release|Any CPU
		{1104816E-4068-4099-AB78-69938DF7456B}.Debug|Any CPU.ActiveCfg = Debug|Any CPU
		{1104816E-4068-4099-AB78-69938DF7456B}.Debug|Any CPU.Build.0 = Debug|Any CPU
		{1104816E-4068-4099-AB78-69938DF7456B}.Release|Any CPU.ActiveCfg = Release|Any CPU
		{1104816E-4068-4099-AB78-69938DF7456B}.Release|Any CPU.Build.0 = Release|Any CPU
	EndGlobalSection
	GlobalSection(SolutionProperties) = preSolution
		HideSolutionNode = FALSE
	EndGlobalSection
EndGlobal
