
Microsoft Visual Studio Solution File, Format Version 12.00
# Visual Studio 15
VisualStudioVersion = 15.0.26430.6
MinimumVisualStudioVersion = 10.0.40219.1
Project("{FAE04EC0-301F-11D3-BF4B-00C04F79EFBC}") = "MathOperationEx", "MathOperationEx\MathOperationEx.csproj", "{3DFF307D-0F0C-4748-B887-51A337834AD4}"
EndProject
Project("{FAE04EC0-301F-11D3-BF4B-00C04F79EFBC}") = "Animals", "AnimalsEx\Animals.csproj", "{60481B55-B120-46B2-938A-EB4A9AA0BD22}"
EndProject
Project("{FAE04EC0-301F-11D3-BF4B-00C04F79EFBC}") = "Shapes", "Shapes\Shapes.csproj", "{4E3F0885-BFBB-4E33-A664-C7B9ADA7F88D}"
EndProject
Global
	GlobalSection(SolutionConfigurationPlatforms) = preSolution
		Debug|Any CPU = Debug|Any CPU
		Release|Any CPU = Release|Any CPU
	EndGlobalSection
	GlobalSection(ProjectConfigurationPlatforms) = postSolution
		{3DFF307D-0F0C-4748-B887-51A337834AD4}.Debug|Any CPU.ActiveCfg = Debug|Any CPU
		{3DFF307D-0F0C-4748-B887-51A337834AD4}.Debug|Any CPU.Build.0 = Debug|Any CPU
		{3DFF307D-0F0C-4748-B887-51A337834AD4}.Release|Any CPU.ActiveCfg = Release|Any CPU
		{3DFF307D-0F0C-4748-B887-51A337834AD4}.Release|Any CPU.Build.0 = Release|Any CPU
		{60481B55-B120-46B2-938A-EB4A9AA0BD22}.Debug|Any CPU.ActiveCfg = Debug|Any CPU
		{60481B55-B120-46B2-938A-EB4A9AA0BD22}.Debug|Any CPU.Build.0 = Debug|Any CPU
		{60481B55-B120-46B2-938A-EB4A9AA0BD22}.Release|Any CPU.ActiveCfg = Release|Any CPU
		{60481B55-B120-46B2-938A-EB4A9AA0BD22}.Release|Any CPU.Build.0 = Release|Any CPU
		{4E3F0885-BFBB-4E33-A664-C7B9ADA7F88D}.Debug|Any CPU.ActiveCfg = Debug|Any CPU
		{4E3F0885-BFBB-4E33-A664-C7B9ADA7F88D}.Debug|Any CPU.Build.0 = Debug|Any CPU
		{4E3F0885-BFBB-4E33-A664-C7B9ADA7F88D}.Release|Any CPU.ActiveCfg = Release|Any CPU
		{4E3F0885-BFBB-4E33-A664-C7B9ADA7F88D}.Release|Any CPU.Build.0 = Release|Any CPU
	EndGlobalSection
	GlobalSection(SolutionProperties) = preSolution
		HideSolutionNode = FALSE
	EndGlobalSection
EndGlobal
