
Microsoft Visual Studio Solution File, Format Version 12.00
# Visual Studio 15
VisualStudioVersion = 15.0.26430.6
MinimumVisualStudioVersion = 10.0.40219.1
Project("{FAE04EC0-301F-11D3-BF4B-00C04F79EFBC}") = "ClassBox", "ClassbOX\ClassBox.csproj", "{6BB7324E-E4F5-47DD-9AE2-83C7E622B536}"
EndProject
Project("{FAE04EC0-301F-11D3-BF4B-00C04F79EFBC}") = "AnimalFarm", "AnimalFarm\AnimalFarm\AnimalFarm\AnimalFarm.csproj", "{32AEC171-3440-43ED-822B-E7F89C5A8651}"
EndProject
Project("{FAE04EC0-301F-11D3-BF4B-00C04F79EFBC}") = "ShoppingSpree", "ShoppingSpree\ShoppingSpree.csproj", "{8D1F6563-154A-4B23-A343-069CEE83BA3D}"
EndProject
Project("{FAE04EC0-301F-11D3-BF4B-00C04F79EFBC}") = "PizzaCalories", "PizzaCalories\PizzaCalories.csproj", "{6B6DF484-F9B8-4DBD-9533-A9909B2DCDF1}"
EndProject
Global
	GlobalSection(SolutionConfigurationPlatforms) = preSolution
		Debug|Any CPU = Debug|Any CPU
		Release|Any CPU = Release|Any CPU
	EndGlobalSection
	GlobalSection(ProjectConfigurationPlatforms) = postSolution
		{6BB7324E-E4F5-47DD-9AE2-83C7E622B536}.Debug|Any CPU.ActiveCfg = Debug|Any CPU
		{6BB7324E-E4F5-47DD-9AE2-83C7E622B536}.Debug|Any CPU.Build.0 = Debug|Any CPU
		{6BB7324E-E4F5-47DD-9AE2-83C7E622B536}.Release|Any CPU.ActiveCfg = Release|Any CPU
		{6BB7324E-E4F5-47DD-9AE2-83C7E622B536}.Release|Any CPU.Build.0 = Release|Any CPU
		{32AEC171-3440-43ED-822B-E7F89C5A8651}.Debug|Any CPU.ActiveCfg = Debug|Any CPU
		{32AEC171-3440-43ED-822B-E7F89C5A8651}.Debug|Any CPU.Build.0 = Debug|Any CPU
		{32AEC171-3440-43ED-822B-E7F89C5A8651}.Release|Any CPU.ActiveCfg = Release|Any CPU
		{32AEC171-3440-43ED-822B-E7F89C5A8651}.Release|Any CPU.Build.0 = Release|Any CPU
		{8D1F6563-154A-4B23-A343-069CEE83BA3D}.Debug|Any CPU.ActiveCfg = Debug|Any CPU
		{8D1F6563-154A-4B23-A343-069CEE83BA3D}.Debug|Any CPU.Build.0 = Debug|Any CPU
		{8D1F6563-154A-4B23-A343-069CEE83BA3D}.Release|Any CPU.ActiveCfg = Release|Any CPU
		{8D1F6563-154A-4B23-A343-069CEE83BA3D}.Release|Any CPU.Build.0 = Release|Any CPU
		{6B6DF484-F9B8-4DBD-9533-A9909B2DCDF1}.Debug|Any CPU.ActiveCfg = Debug|Any CPU
		{6B6DF484-F9B8-4DBD-9533-A9909B2DCDF1}.Debug|Any CPU.Build.0 = Debug|Any CPU
		{6B6DF484-F9B8-4DBD-9533-A9909B2DCDF1}.Release|Any CPU.ActiveCfg = Release|Any CPU
		{6B6DF484-F9B8-4DBD-9533-A9909B2DCDF1}.Release|Any CPU.Build.0 = Release|Any CPU
	EndGlobalSection
	GlobalSection(SolutionProperties) = preSolution
		HideSolutionNode = FALSE
	EndGlobalSection
EndGlobal
